
Microsoft Visual Studio Solution File, Format Version 12.00
# Visual Studio Version 16
VisualStudioVersion = 16.0.31220.234
MinimumVisualStudioVersion = 10.0.40219.1
Project("{9A19103F-16F7-4668-BE54-9A1E7A4F7556}") = "Maui_Test", "Maui_Test\Maui_Test.csproj", "{81E4B9BE-31D0-4776-8318-722B0690747B}"
EndProject
Project("{9A19103F-16F7-4668-BE54-9A1E7A4F7556}") = "Maui_Test.WinUI", "Maui_Test.WinUI\Maui_Test.WinUI.csproj", "{5532AF36-B481-4395-8563-FA5BB0D5BA9D}"
EndProject
Global
	GlobalSection(SolutionConfigurationPlatforms) = preSolution
		Debug|Any CPU = Debug|Any CPU
		Release|Any CPU = Release|Any CPU
	EndGlobalSection
	GlobalSection(ProjectConfigurationPlatforms) = postSolution
		{81E4B9BE-31D0-4776-8318-722B0690747B}.Debug|Any CPU.ActiveCfg = Debug|Any CPU
		{81E4B9BE-31D0-4776-8318-722B0690747B}.Debug|Any CPU.Build.0 = Debug|Any CPU
		{81E4B9BE-31D0-4776-8318-722B0690747B}.Debug|Any CPU.Deploy.0 = Debug|Any CPU
		{81E4B9BE-31D0-4776-8318-722B0690747B}.Release|Any CPU.ActiveCfg = Release|Any CPU
		{81E4B9BE-31D0-4776-8318-722B0690747B}.Release|Any CPU.Build.0 = Release|Any CPU
		{81E4B9BE-31D0-4776-8318-722B0690747B}.Release|Any CPU.Deploy.0 = Release|Any CPU
		{5532AF36-B481-4395-8563-FA5BB0D5BA9D}.Debug|Any CPU.ActiveCfg = Debug|Any CPU
		{5532AF36-B481-4395-8563-FA5BB0D5BA9D}.Debug|Any CPU.Build.0 = Debug|Any CPU
		{5532AF36-B481-4395-8563-FA5BB0D5BA9D}.Debug|Any CPU.Deploy.0 = Debug|Any CPU
		{5532AF36-B481-4395-8563-FA5BB0D5BA9D}.Release|Any CPU.ActiveCfg = Release|Any CPU
		{5532AF36-B481-4395-8563-FA5BB0D5BA9D}.Release|Any CPU.Build.0 = Release|Any CPU
		{5532AF36-B481-4395-8563-FA5BB0D5BA9D}.Release|Any CPU.Deploy.0 = Release|Any CPU
	EndGlobalSection
	GlobalSection(SolutionProperties) = preSolution
		HideSolutionNode = FALSE
	EndGlobalSection
	GlobalSection(ExtensibilityGlobals) = postSolution
		SolutionGuid = {61F7FB11-1E47-470C-91E2-47F8143E1572}
	EndGlobalSection
EndGlobal
